// !$*UTF8*$!
{
	archiveVersion = 1;
	classes = {
	};
	objectVersion = 46;
	objects = {

/* Begin PBXBuildFile section */
		38DB9E8B1E9B5ED000E4BECA /* main.m in Sources */ = {isa = PBXBuildFile; fileRef = 38DB9E8A1E9B5ED000E4BECA /* main.m */; };
		38DB9E8E1E9B5ED000E4BECA /* AppDelegate.m in Sources */ = {isa = PBXBuildFile; fileRef = 38DB9E8D1E9B5ED000E4BECA /* AppDelegate.m */; };
		38DB9E911E9B5ED000E4BECA /* ViewController.m in Sources */ = {isa = PBXBuildFile; fileRef = 38DB9E901E9B5ED000E4BECA /* ViewController.m */; };
		38DB9E941E9B5ED000E4BECA /* Main.storyboard in Resources */ = {isa = PBXBuildFile; fileRef = 38DB9E921E9B5ED000E4BECA /* Main.storyboard */; };
		38DB9E961E9B5ED000E4BECA /* Assets.xcassets in Resources */ = {isa = PBXBuildFile; fileRef = 38DB9E951E9B5ED000E4BECA /* Assets.xcassets */; };
		38DB9E991E9B5ED000E4BECA /* LaunchScreen.storyboard in Resources */ = {isa = PBXBuildFile; fileRef = 38DB9E971E9B5ED000E4BECA /* LaunchScreen.storyboard */; };
		38DB9EA41E9B5ED000E4BECA /* ____Tests.m in Sources */ = {isa = PBXBuildFile; fileRef = 38DB9EA31E9B5ED000E4BECA /* ____Tests.m */; };
		38DB9EAF1E9B5ED000E4BECA /* ____UITests.m in Sources */ = {isa = PBXBuildFile; fileRef = 38DB9EAE1E9B5ED000E4BECA /* ____UITests.m */; };
/* End PBXBuildFile section */

/* Begin PBXContainerItemProxy section */
		38DB9EA01E9B5ED000E4BECA /* PBXContainerItemProxy */ = {
			isa = PBXContainerItemProxy;
			containerPortal = 38DB9E7E1E9B5ED000E4BECA /* Project object */;
			proxyType = 1;
			remoteGlobalIDString = 38DB9E851E9B5ED000E4BECA;
			remoteInfo = "颜色渐变";
		};
		38DB9EAB1E9B5ED000E4BECA /* PBXContainerItemProxy */ = {
			isa = PBXContainerItemProxy;
			containerPortal = 38DB9E7E1E9B5ED000E4BECA /* Project object */;
			proxyType = 1;
			remoteGlobalIDString = 38DB9E851E9B5ED000E4BECA;
			remoteInfo = "颜色渐变";
		};
/* End PBXContainerItemProxy section */

/* Begin PBXFileReference section */
		38DB9E861E9B5ED000E4BECA /* 颜色渐变.app */ = {isa = PBXFileReference; explicitFileType = wrapper.application; includeInIndex = 0; path = "颜色渐变.app"; sourceTree = BUILT_PRODUCTS_DIR; };
		38DB9E8A1E9B5ED000E4BECA /* main.m */ = {isa = PBXFileReference; lastKnownFileType = sourcecode.c.objc; path = main.m; sourceTree = "<group>"; };
		38DB9E8C1E9B5ED000E4BECA /* AppDelegate.h */ = {isa = PBXFileReference; lastKnownFileType = sourcecode.c.h; path = AppDelegate.h; sourceTree = "<group>"; };
		38DB9E8D1E9B5ED000E4BECA /* AppDelegate.m */ = {isa = PBXFileReference; lastKnownFileType = sourcecode.c.objc; path = AppDelegate.m; sourceTree = "<group>"; };
		38DB9E8F1E9B5ED000E4BECA /* ViewController.h */ = {isa = PBXFileReference; lastKnownFileType = sourcecode.c.h; path = ViewController.h; sourceTree = "<group>"; };
		38DB9E901E9B5ED000E4BECA /* ViewController.m */ = {isa = PBXFileReference; lastKnownFileType = sourcecode.c.objc; path = ViewController.m; sourceTree = "<group>"; };
		38DB9E931E9B5ED000E4BECA /* Base */ = {isa = PBXFileReference; lastKnownFileType = file.storyboard; name = Base; path = Base.lproj/Main.storyboard; sourceTree = "<group>"; };
		38DB9E951E9B5ED000E4BECA /* Assets.xcassets */ = {isa = PBXFileReference; lastKnownFileType = folder.assetcatalog; path = Assets.xcassets; sourceTree = "<group>"; };
		38DB9E981E9B5ED000E4BECA /* Base */ = {isa = PBXFileReference; lastKnownFileType = file.storyboard; name = Base; path = Base.lproj/LaunchScreen.storyboard; sourceTree = "<group>"; };
		38DB9E9A1E9B5ED000E4BECA /* Info.plist */ = {isa = PBXFileReference; lastKnownFileType = text.plist.xml; path = Info.plist; sourceTree = "<group>"; };
		38DB9E9F1E9B5ED000E4BECA /* 颜色渐变Tests.xctest */ = {isa = PBXFileReference; explicitFileType = wrapper.cfbundle; includeInIndex = 0; path = "颜色渐变Tests.xctest"; sourceTree = BUILT_PRODUCTS_DIR; };
		38DB9EA31E9B5ED000E4BECA /* ____Tests.m */ = {isa = PBXFileReference; lastKnownFileType = sourcecode.c.objc; path = "____Tests.m"; sourceTree = "<group>"; };
		38DB9EA51E9B5ED000E4BECA /* Info.plist */ = {isa = PBXFileReference; lastKnownFileType = text.plist.xml; path = Info.plist; sourceTree = "<group>"; };
		38DB9EAA1E9B5ED000E4BECA /* 颜色渐变UITests.xctest */ = {isa = PBXFileReference; explicitFileType = wrapper.cfbundle; includeInIndex = 0; path = "颜色渐变UITests.xctest"; sourceTree = BUILT_PRODUCTS_DIR; };
		38DB9EAE1E9B5ED000E4BECA /* ____UITests.m */ = {isa = PBXFileReference; lastKnownFileType = sourcecode.c.objc; path = "____UITests.m"; sourceTree = "<group>"; };
		38DB9EB01E9B5ED000E4BECA /* Info.plist */ = {isa = PBXFileReference; lastKnownFileType = text.plist.xml; path = Info.plist; sourceTree = "<group>"; };
/* End PBXFileReference section */

/* Begin PBXFrameworksBuildPhase section */
		38DB9E831E9B5ED000E4BECA /* Frameworks */ = {
			isa = PBXFrameworksBuildPhase;
			buildActionMask = 2147483647;
			files = (
			);
			runOnlyForDeploymentPostprocessing = 0;
		};
		38DB9E9C1E9B5ED000E4BECA /* Frameworks */ = {
			isa = PBXFrameworksBuildPhase;
			buildActionMask = 2147483647;
			files = (
			);
			runOnlyForDeploymentPostprocessing = 0;
		};
		38DB9EA71E9B5ED000E4BECA /* Frameworks */ = {
			isa = PBXFrameworksBuildPhase;
			buildActionMask = 2147483647;
			files = (
			);
			runOnlyForDeploymentPostprocessing = 0;
		};
/* End PBXFrameworksBuildPhase section */

/* Begin PBXGroup section */
		38DB9E7D1E9B5ED000E4BECA = {
			isa = PBXGroup;
			children = (
				38DB9E881E9B5ED000E4BECA /* 颜色渐变 */,
				38DB9EA21E9B5ED000E4BECA /* 颜色渐变Tests */,
				38DB9EAD1E9B5ED000E4BECA /* 颜色渐变UITests */,
				38DB9E871E9B5ED000E4BECA /* Products */,
			);
			sourceTree = "<group>";
		};
		38DB9E871E9B5ED000E4BECA /* Products */ = {
			isa = PBXGroup;
			children = (
				38DB9E861E9B5ED000E4BECA /* 颜色渐变.app */,
				38DB9E9F1E9B5ED000E4BECA /* 颜色渐变Tests.xctest */,
				38DB9EAA1E9B5ED000E4BECA /* 颜色渐变UITests.xctest */,
			);
			name = Products;
			sourceTree = "<group>";
		};
		38DB9E881E9B5ED000E4BECA /* 颜色渐变 */ = {
			isa = PBXGroup;
			children = (
				38DB9E8C1E9B5ED000E4BECA /* AppDelegate.h */,
				38DB9E8D1E9B5ED000E4BECA /* AppDelegate.m */,
				38DB9E8F1E9B5ED000E4BECA /* ViewController.h */,
				38DB9E901E9B5ED000E4BECA /* ViewController.m */,
				38DB9E921E9B5ED000E4BECA /* Main.storyboard */,
				38DB9E951E9B5ED000E4BECA /* Assets.xcassets */,
				38DB9E971E9B5ED000E4BECA /* LaunchScreen.storyboard */,
				38DB9E9A1E9B5ED000E4BECA /* Info.plist */,
				38DB9E891E9B5ED000E4BECA /* Supporting Files */,
			);
			path = "颜色渐变";
			sourceTree = "<group>";
		};
		38DB9E891E9B5ED000E4BECA /* Supporting Files */ = {
			isa = PBXGroup;
			children = (
				38DB9E8A1E9B5ED000E4BECA /* main.m */,
			);
			name = "Supporting Files";
			sourceTree = "<group>";
		};
		38DB9EA21E9B5ED000E4BECA /* 颜色渐变Tests */ = {
			isa = PBXGroup;
			children = (
				38DB9EA31E9B5ED000E4BECA /* ____Tests.m */,
				38DB9EA51E9B5ED000E4BECA /* Info.plist */,
			);
			path = "颜色渐变Tests";
			sourceTree = "<group>";
		};
		38DB9EAD1E9B5ED000E4BECA /* 颜色渐变UITests */ = {
			isa = PBXGroup;
			children = (
				38DB9EAE1E9B5ED000E4BECA /* ____UITests.m */,
				38DB9EB01E9B5ED000E4BECA /* Info.plist */,
			);
			path = "颜色渐变UITests";
			sourceTree = "<group>";
		};
/* End PBXGroup section */

/* Begin PBXNativeTarget section */
		38DB9E851E9B5ED000E4BECA /* 颜色渐变 */ = {
			isa = PBXNativeTarget;
			buildConfigurationList = 38DB9EB31E9B5ED000E4BECA /* Build configuration list for PBXNativeTarget "颜色渐变" */;
			buildPhases = (
				38DB9E821E9B5ED000E4BECA /* Sources */,
				38DB9E831E9B5ED000E4BECA /* Frameworks */,
				38DB9E841E9B5ED000E4BECA /* Resources */,
			);
			buildRules = (
			);
			dependencies = (
			);
			name = "颜色渐变";
			productName = "颜色渐变";
			productReference = 38DB9E861E9B5ED000E4BECA /* 颜色渐变.app */;
			productType = "com.apple.product-type.application";
		};
		38DB9E9E1E9B5ED000E4BECA /* 颜色渐变Tests */ = {
			isa = PBXNativeTarget;
			buildConfigurationList = 38DB9EB61E9B5ED000E4BECA /* Build configuration list for PBXNativeTarget "颜色渐变Tests" */;
			buildPhases = (
				38DB9E9B1E9B5ED000E4BECA /* Sources */,
				38DB9E9C1E9B5ED000E4BECA /* Frameworks */,
				38DB9E9D1E9B5ED000E4BECA /* Resources */,
			);
			buildRules = (
			);
			dependencies = (
				38DB9EA11E9B5ED000E4BECA /* PBXTargetDependency */,
			);
			name = "颜色渐变Tests";
			productName = "颜色渐变Tests";
			productReference = 38DB9E9F1E9B5ED000E4BECA /* 颜色渐变Tests.xctest */;
			productType = "com.apple.product-type.bundle.unit-test";
		};
		38DB9EA91E9B5ED000E4BECA /* 颜色渐变UITests */ = {
			isa = PBXNativeTarget;
			buildConfigurationList = 38DB9EB91E9B5ED000E4BECA /* Build configuration list for PBXNativeTarget "颜色渐变UITests" */;
			buildPhases = (
				38DB9EA61E9B5ED000E4BECA /* Sources */,
				38DB9EA71E9B5ED000E4BECA /* Frameworks */,
				38DB9EA81E9B5ED000E4BECA /* Resources */,
			);
			buildRules = (
			);
			dependencies = (
				38DB9EAC1E9B5ED000E4BECA /* PBXTargetDependency */,
			);
			name = "颜色渐变UITests";
			productName = "颜色渐变UITests";
			productReference = 38DB9EAA1E9B5ED000E4BECA /* 颜色渐变UITests.xctest */;
			productType = "com.apple.product-type.bundle.ui-testing";
		};
/* End PBXNativeTarget section */

/* Begin PBXProject section */
		38DB9E7E1E9B5ED000E4BECA /* Project object */ = {
			isa = PBXProject;
			attributes = {
				LastUpgradeCheck = 0830;
				ORGANIZATIONNAME = MrHan;
				TargetAttributes = {
					38DB9E851E9B5ED000E4BECA = {
						CreatedOnToolsVersion = 8.3.1;
						ProvisioningStyle = Automatic;
					};
					38DB9E9E1E9B5ED000E4BECA = {
						CreatedOnToolsVersion = 8.3.1;
						ProvisioningStyle = Automatic;
						TestTargetID = 38DB9E851E9B5ED000E4BECA;
					};
					38DB9EA91E9B5ED000E4BECA = {
						CreatedOnToolsVersion = 8.3.1;
						ProvisioningStyle = Automatic;
						TestTargetID = 38DB9E851E9B5ED000E4BECA;
					};
				};
			};
			buildConfigurationList = 38DB9E811E9B5ED000E4BECA /* Build configuration list for PBXProject "颜色渐变" */;
			compatibilityVersion = "Xcode 3.2";
			developmentRegion = English;
			hasScannedForEncodings = 0;
			knownRegions = (
				en,
				Base,
			);
			mainGroup = 38DB9E7D1E9B5ED000E4BECA;
			productRefGroup = 38DB9E871E9B5ED000E4BECA /* Products */;
			projectDirPath = "";
			projectRoot = "";
			targets = (
				38DB9E851E9B5ED000E4BECA /* 颜色渐变 */,
				38DB9E9E1E9B5ED000E4BECA /* 颜色渐变Tests */,
				38DB9EA91E9B5ED000E4BECA /* 颜色渐变UITests */,
			);
		};
/* End PBXProject section */

/* Begin PBXResourcesBuildPhase section */
		38DB9E841E9B5ED000E4BECA /* Resources */ = {
			isa = PBXResourcesBuildPhase;
			buildActionMask = 2147483647;
			files = (
				38DB9E991E9B5ED000E4BECA /* LaunchScreen.storyboard in Resources */,
				38DB9E961E9B5ED000E4BECA /* Assets.xcassets in Resources */,
				38DB9E941E9B5ED000E4BECA /* Main.storyboard in Resources */,
			);
			runOnlyForDeploymentPostprocessing = 0;
		};
		38DB9E9D1E9B5ED000E4BECA /* Resources */ = {
			isa = PBXResourcesBuildPhase;
			buildActionMask = 2147483647;
			files = (
			);
			runOnlyForDeploymentPostprocessing = 0;
		};
		38DB9EA81E9B5ED000E4BECA /* Resources */ = {
			isa = PBXResourcesBuildPhase;
			buildActionMask = 2147483647;
			files = (
			);
			runOnlyForDeploymentPostprocessing = 0;
		};
/* End PBXResourcesBuildPhase section */

/* Begin PBXSourcesBuildPhase section */
		38DB9E821E9B5ED000E4BECA /* Sources */ = {
			isa = PBXSourcesBuildPhase;
			buildActionMask = 2147483647;
			files = (
				38DB9E911E9B5ED000E4BECA /* ViewController.m in Sources */,
				38DB9E8E1E9B5ED000E4BECA /* AppDelegate.m in Sources */,
				38DB9E8B1E9B5ED000E4BECA /* main.m in Sources */,
			);
			runOnlyForDeploymentPostprocessing = 0;
		};
		38DB9E9B1E9B5ED000E4BECA /* Sources */ = {
			isa = PBXSourcesBuildPhase;
			buildActionMask = 2147483647;
			files = (
				38DB9EA41E9B5ED000E4BECA /* ____Tests.m in Sources */,
			);
			runOnlyForDeploymentPostprocessing = 0;
		};
		38DB9EA61E9B5ED000E4BECA /* Sources */ = {
			isa = PBXSourcesBuildPhase;
			buildActionMask = 2147483647;
			files = (
				38DB9EAF1E9B5ED000E4BECA /* ____UITests.m in Sources */,
			);
			runOnlyForDeploymentPostprocessing = 0;
		};
/* End PBXSourcesBuildPhase section */

/* Begin PBXTargetDependency section */
		38DB9EA11E9B5ED000E4BECA /* PBXTargetDependency */ = {
			isa = PBXTargetDependency;
			target = 38DB9E851E9B5ED000E4BECA /* 颜色渐变 */;
			targetProxy = 38DB9EA01E9B5ED000E4BECA /* PBXContainerItemProxy */;
		};
		38DB9EAC1E9B5ED000E4BECA /* PBXTargetDependency */ = {
			isa = PBXTargetDependency;
			target = 38DB9E851E9B5ED000E4BECA /* 颜色渐变 */;
			targetProxy = 38DB9EAB1E9B5ED000E4BECA /* PBXContainerItemProxy */;
		};
/* End PBXTargetDependency section */

/* Begin PBXVariantGroup section */
		38DB9E921E9B5ED000E4BECA /* Main.storyboard */ = {
			isa = PBXVariantGroup;
			children = (
				38DB9E931E9B5ED000E4BECA /* Base */,
			);
			name = Main.storyboard;
			sourceTree = "<group>";
		};
		38DB9E971E9B5ED000E4BECA /* LaunchScreen.storyboard */ = {
			isa = PBXVariantGroup;
			children = (
				38DB9E981E9B5ED000E4BECA /* Base */,
			);
			name = LaunchScreen.storyboard;
			sourceTree = "<group>";
		};
/* End PBXVariantGroup section */

/* Begin XCBuildConfiguration section */
		38DB9EB11E9B5ED000E4BECA /* Debug */ = {
			isa = XCBuildConfiguration;
			buildSettings = {
				ALWAYS_SEARCH_USER_PATHS = NO;
				CLANG_ANALYZER_NONNULL = YES;
				CLANG_ANALYZER_NUMBER_OBJECT_CONVERSION = YES_AGGRESSIVE;
				CLANG_CXX_LANGUAGE_STANDARD = "gnu++0x";
				CLANG_CXX_LIBRARY = "libc++";
				CLANG_ENABLE_MODULES = YES;
				CLANG_ENABLE_OBJC_ARC = YES;
				CLANG_WARN_BOOL_CONVERSION = YES;
				CLANG_WARN_CONSTANT_CONVERSION = YES;
				CLANG_WARN_DIRECT_OBJC_ISA_USAGE = YES_ERROR;
				CLANG_WARN_DOCUMENTATION_COMMENTS = YES;
				CLANG_WARN_EMPTY_BODY = YES;
				CLANG_WARN_ENUM_CONVERSION = YES;
				CLANG_WARN_INFINITE_RECURSION = YES;
				CLANG_WARN_INT_CONVERSION = YES;
				CLANG_WARN_OBJC_ROOT_CLASS = YES_ERROR;
				CLANG_WARN_SUSPICIOUS_MOVE = YES;
				CLANG_WARN_UNREACHABLE_CODE = YES;
				CLANG_WARN__DUPLICATE_METHOD_MATCH = YES;
				"CODE_SIGN_IDENTITY[sdk=iphoneos*]" = "iPhone Developer";
				COPY_PHASE_STRIP = NO;
				DEBUG_INFORMATION_FORMAT = dwarf;
				ENABLE_STRICT_OBJC_MSGSEND = YES;
				ENABLE_TESTABILITY = YES;
				GCC_C_LANGUAGE_STANDARD = gnu99;
				GCC_DYNAMIC_NO_PIC = NO;
				GCC_NO_COMMON_BLOCKS = YES;
				GCC_OPTIMIZATION_LEVEL = 0;
				GCC_PREPROCESSOR_DEFINITIONS = (
					"DEBUG=1",
					"$(inherited)",
				);
				GCC_WARN_64_TO_32_BIT_CONVERSION = YES;
				GCC_WARN_ABOUT_RETURN_TYPE = YES_ERROR;
				GCC_WARN_UNDECLARED_SELECTOR = YES;
				GCC_WARN_UNINITIALIZED_AUTOS = YES_AGGRESSIVE;
				GCC_WARN_UNUSED_FUNCTION = YES;
				GCC_WARN_UNUSED_VARIABLE = YES;
				IPHONEOS_DEPLOYMENT_TARGET = 10.3;
				MTL_ENABLE_DEBUG_INFO = YES;
				ONLY_ACTIVE_ARCH = YES;
				SDKROOT = iphoneos;
			};
			name = Debug;
		};
		38DB9EB21E9B5ED000E4BECA /* Release */ = {
			isa = XCBuildConfiguration;
			buildSettings = {
				ALWAYS_SEARCH_USER_PATHS = NO;
				CLANG_ANALYZER_NONNULL = YES;
				CLANG_ANALYZER_NUMBER_OBJECT_CONVERSION = YES_AGGRESSIVE;
				CLANG_CXX_LANGUAGE_STANDARD = "gnu++0x";
				CLANG_CXX_LIBRARY = "libc++";
				CLANG_ENABLE_MODULES = YES;
				CLANG_ENABLE_OBJC_ARC = YES;
				CLANG_WARN_BOOL_CONVERSION = YES;
				CLANG_WARN_CONSTANT_CONVERSION = YES;
				CLANG_WARN_DIRECT_OBJC_ISA_USAGE = YES_ERROR;
				CLANG_WARN_DOCUMENTATION_COMMENTS = YES;
				CLANG_WARN_EMPTY_BODY = YES;
				CLANG_WARN_ENUM_CONVERSION = YES;
				CLANG_WARN_INFINITE_RECURSION = YES;
				CLANG_WARN_INT_CONVERSION = YES;
				CLANG_WARN_OBJC_ROOT_CLASS = YES_ERROR;
				CLANG_WARN_SUSPICIOUS_MOVE = YES;
				CLANG_WARN_UNREACHABLE_CODE = YES;
				CLANG_WARN__DUPLICATE_METHOD_MATCH = YES;
				"CODE_SIGN_IDENTITY[sdk=iphoneos*]" = "iPhone Developer";
				COPY_PHASE_STRIP = NO;
				DEBUG_INFORMATION_FORMAT = "dwarf-with-dsym";
				ENABLE_NS_ASSERTIONS = NO;
				ENABLE_STRICT_OBJC_MSGSEND = YES;
				GCC_C_LANGUAGE_STANDARD = gnu99;
				GCC_NO_COMMON_BLOCKS = YES;
				GCC_WARN_64_TO_32_BIT_CONVERSION = YES;
				GCC_WARN_ABOUT_RETURN_TYPE = YES_ERROR;
				GCC_WARN_UNDECLARED_SELECTOR = YES;
				GCC_WARN_UNINITIALIZED_AUTOS = YES_AGGRESSIVE;
				GCC_WARN_UNUSED_FUNCTION = YES;
				GCC_WARN_UNUSED_VARIABLE = YES;
				IPHONEOS_DEPLOYMENT_TARGET = 10.3;
				MTL_ENABLE_DEBUG_INFO = NO;
				SDKROOT = iphoneos;
				VALIDATE_PRODUCT = YES;
			};
			name = Release;
		};
		38DB9EB41E9B5ED000E4BECA /* Debug */ = {
			isa = XCBuildConfiguration;
			buildSettings = {
				ASSETCATALOG_COMPILER_APPICON_NAME = AppIcon;
				INFOPLIST_FILE = "颜色渐变/Info.plist";
				LD_RUNPATH_SEARCH_PATHS = "$(inherited) @executable_path/Frameworks";
				PRODUCT_BUNDLE_IDENTIFIER = "ANewStartIsMrHan.----";
				PRODUCT_NAME = "$(TARGET_NAME)";
			};
			name = Debug;
		};
		38DB9EB51E9B5ED000E4BECA /* Release */ = {
			isa = XCBuildConfiguration;
			buildSettings = {
				ASSETCATALOG_COMPILER_APPICON_NAME = AppIcon;
				INFOPLIST_FILE = "颜色渐变/Info.plist";
				LD_RUNPATH_SEARCH_PATHS = "$(inherited) @executable_path/Frameworks";
				PRODUCT_BUNDLE_IDENTIFIER = "ANewStartIsMrHan.----";
				PRODUCT_NAME = "$(TARGET_NAME)";
			};
			name = Release;
		};
		38DB9EB71E9B5ED000E4BECA /* Debug */ = {
			isa = XCBuildConfiguration;
			buildSettings = {
				BUNDLE_LOADER = "$(TEST_HOST)";
				INFOPLIST_FILE = "颜色渐变Tests/Info.plist";
				LD_RUNPATH_SEARCH_PATHS = "$(inherited) @executable_path/Frameworks @loader_path/Frameworks";
				PRODUCT_BUNDLE_IDENTIFIER = "ANewStartIsMrHan.----Tests";
				PRODUCT_NAME = "$(TARGET_NAME)";
				TEST_HOST = "$(BUILT_PRODUCTS_DIR)/颜色渐变.app/颜色渐变";
			};
			name = Debug;
		};
		38DB9EB81E9B5ED000E4BECA /* Release */ = {
			isa = XCBuildConfiguration;
			buildSettings = {
				BUNDLE_LOADER = "$(TEST_HOST)";
				INFOPLIST_FILE = "颜色渐变Tests/Info.plist";
				LD_RUNPATH_SEARCH_PATHS = "$(inherited) @executable_path/Frameworks @loader_path/Frameworks";
				PRODUCT_BUNDLE_IDENTIFIER = "ANewStartIsMrHan.----Tests";
				PRODUCT_NAME = "$(TARGET_NAME)";
				TEST_HOST = "$(BUILT_PRODUCTS_DIR)/颜色渐变.app/颜色渐变";
			};
			name = Release;
		};
		38DB9EBA1E9B5ED000E4BECA /* Debug */ = {
			isa = XCBuildConfiguration;
			buildSettings = {
				INFOPLIST_FILE = "颜色渐变UITests/Info.plist";
				LD_RUNPATH_SEARCH_PATHS = "$(inherited) @executable_path/Frameworks @loader_path/Frameworks";
				PRODUCT_BUNDLE_IDENTIFIER = "ANewStartIsMrHan.----UITests";
				PRODUCT_NAME = "$(TARGET_NAME)";
				TEST_TARGET_NAME = "颜色渐变";
			};
			name = Debug;
		};
		38DB9EBB1E9B5ED000E4BECA /* Release */ = {
			isa = XCBuildConfiguration;
			buildSettings = {
				INFOPLIST_FILE = "颜色渐变UITests/Info.plist";
				LD_RUNPATH_SEARCH_PATHS = "$(inherited) @executable_path/Frameworks @loader_path/Frameworks";
				PRODUCT_BUNDLE_IDENTIFIER = "ANewStartIsMrHan.----UITests";
				PRODUCT_NAME = "$(TARGET_NAME)";
				TEST_TARGET_NAME = "颜色渐变";
			};
			name = Release;
		};
/* End XCBuildConfiguration section */

/* Begin XCConfigurationList section */
		38DB9E811E9B5ED000E4BECA /* Build configuration list for PBXProject "颜色渐变" */ = {
			isa = XCConfigurationList;
			buildConfigurations = (
				38DB9EB11E9B5ED000E4BECA /* Debug */,
				38DB9EB21E9B5ED000E4BECA /* Release */,
			);
			defaultConfigurationIsVisible = 0;
			defaultConfigurationName = Release;
		};
		38DB9EB31E9B5ED000E4BECA /* Build configuration list for PBXNativeTarget "颜色渐变" */ = {
			isa = XCConfigurationList;
			buildConfigurations = (
				38DB9EB41E9B5ED000E4BECA /* Debug */,
				38DB9EB51E9B5ED000E4BECA /* Release */,
			);
			defaultConfigurationIsVisible = 0;
		};
		38DB9EB61E9B5ED000E4BECA /* Build configuration list for PBXNativeTarget "颜色渐变Tests" */ = {
			isa = XCConfigurationList;
			buildConfigurations = (
				38DB9EB71E9B5ED000E4BECA /* Debug */,
				38DB9EB81E9B5ED000E4BECA /* Release */,
			);
			defaultConfigurationIsVisible = 0;
		};
		38DB9EB91E9B5ED000E4BECA /* Build configuration list for PBXNativeTarget "颜色渐变UITests" */ = {
			isa = XCConfigurationList;
			buildConfigurations = (
				38DB9EBA1E9B5ED000E4BECA /* Debug */,
				38DB9EBB1E9B5ED000E4BECA /* Release */,
			);
			defaultConfigurationIsVisible = 0;
		};
/* End XCConfigurationList section */
	};
	rootObject = 38DB9E7E1E9B5ED000E4BECA /* Project object */;
}
